PODS:
  - crypto_stream (0.0.1):
    - Flutter
    - OpenSSL-Universal (~> 1.0.2.17)
    - RxSwift (~> 5)
  - Flutter (1.0.0)
  - OpenSSL-Universal (1.0.2.20):
    - OpenSSL-Universal/Static (= 1.0.2.20)
  - OpenSSL-Universal/Static (1.0.2.20)
  - path_provider_ios (0.0.1):
    - Flutter
  - RxSwift (5.1.3)

DEPENDENCIES:
  - crypto_stream (from `.symlinks/plugins/crypto_stream/ios`)
  - Flutter (from `Flutter`)
  - path_provider_ios (from `.symlinks/plugins/path_provider_ios/ios`)

SPEC REPOS:
  trunk:
    - OpenSSL-Universal
    - RxSwift

EXTERNAL SOURCES:
  crypto_stream:
    :path: ".symlinks/plugins/crypto_stream/ios"
  Flutter:
    :path: Flutter
  path_provider_ios:
    :path: ".symlinks/plugins/path_provider_ios/ios"

SPEC CHECKSUMS:
  crypto_stream: 2a2fdbfdec937d8779e8e6b14afb3a5e093a61e4
  Flutter: f04841e97a9d0b0a8025694d0796dd46242b2854
  OpenSSL-Universal: ff34003318d5e1163e9529b08470708e389ffcdd
  path_provider_ios: 14f3d2fd28c4fdb42f44e0f751d12861c43cee02
  RxSwift: 915abbdfb62214aa89ccd0b194d44fb478019b27

PODFILE CHECKSUM: ef19549a9bc3046e7bb7d2fab4d021637c0c58a3

COCOAPODS: 1.11.2
